
Microsoft Visual Studio Solution File, Format Version 12.00
Project("{FAE04EC0-301F-11D3-BF4B-00C04F79EFBC}") = "Haihv.Api.Identity.Ldap", "Haihv.Api.Identity.Ldap.csproj", "{C0BA08A2-02C6-4937-887A-46FA0A455779}"
EndProject
Global
	GlobalSection(SolutionConfigurationPlatforms) = preSolution
		Debug|Any CPU = Debug|Any CPU
		Release|Any CPU = Release|Any CPU
	EndGlobalSection
	GlobalSection(ProjectConfigurationPlatforms) = postSolution
		{C0BA08A2-02C6-4937-887A-46FA0A455779}.Debug|Any CPU.ActiveCfg = Debug|Any CPU
		{C0BA08A2-02C6-4937-887A-46FA0A455779}.Debug|Any CPU.Build.0 = Debug|Any CPU
		{C0BA08A2-02C6-4937-887A-46FA0A455779}.Release|Any CPU.ActiveCfg = Release|Any CPU
		{C0BA08A2-02C6-4937-887A-46FA0A455779}.Release|Any CPU.Build.0 = Release|Any CPU
	EndGlobalSection
EndGlobal
